{
  "name": "log-reader",
  "version": "0.0.1",
  "lockfileVersion": 1,
  "requires": true,
  "dependencies": {
    "brower": {
      "version": "0.0.1",
      "resolved": "https://registry.npmjs.org/brower/-/brower-0.0.1.tgz",
      "integrity": "sha512-0KZEDf5nwoEYp/oXbiXI3UNxsxknEExBsL5KwSBTh6cRdf+YQQ2M8JyBJWG3zN/lLBAp2+LGBVGPI7W6gZedaw=="
    },
    "commander": {
      "version": "2.20.0",
      "resolved": "https://registry.npm.taobao.org/commander/download/commander-2.20.0.tgz"
    }
  }
}
